// !$*UTF8*$!
{
	archiveVersion = 1;
	classes = {
	};
	objectVersion = 50;
	objects = {

/* Begin PBXBuildFile section */
		570ADC60259BDA06006970DF /* list.json in Resources */ = {isa = PBXBuildFile; fileRef = 57227310259BCD8A00D6ACBF /* list.json */; };
		570ADC65259BE831006970DF /* Quotes.swift in Sources */ = {isa = PBXBuildFile; fileRef = 570ADC64259BE831006970DF /* Quotes.swift */; };
		570ADC66259BE831006970DF /* Quotes.swift in Sources */ = {isa = PBXBuildFile; fileRef = 570ADC64259BE831006970DF /* Quotes.swift */; };
		570ADC6E259BEC0C006970DF /* live.json in Resources */ = {isa = PBXBuildFile; fileRef = 570ADC6D259BEC0C006970DF /* live.json */; };
		570ADC6F259BEC0C006970DF /* live.json in Resources */ = {isa = PBXBuildFile; fileRef = 570ADC6D259BEC0C006970DF /* live.json */; };
		570ADC77259BEC20006970DF /* QuotesStore.swift in Sources */ = {isa = PBXBuildFile; fileRef = 570ADC76259BEC20006970DF /* QuotesStore.swift */; };
		570ADC78259BEC20006970DF /* QuotesStore.swift in Sources */ = {isa = PBXBuildFile; fileRef = 570ADC76259BEC20006970DF /* QuotesStore.swift */; };
		570ADC82259BECEB006970DF /* QuotesTests.swift in Sources */ = {isa = PBXBuildFile; fileRef = 570ADC81259BECEB006970DF /* QuotesTests.swift */; };
		570ADC91259C06D4006970DF /* Storage.swift in Sources */ = {isa = PBXBuildFile; fileRef = 570ADC90259C06D4006970DF /* Storage.swift */; };
		570ADC92259C06D4006970DF /* Storage.swift in Sources */ = {isa = PBXBuildFile; fileRef = 570ADC90259C06D4006970DF /* Storage.swift */; };
		570ADC9A259C0827006970DF /* DiskStorage.swift in Sources */ = {isa = PBXBuildFile; fileRef = 570ADC99259C0827006970DF /* DiskStorage.swift */; };
		570ADC9B259C0827006970DF /* DiskStorage.swift in Sources */ = {isa = PBXBuildFile; fileRef = 570ADC99259C0827006970DF /* DiskStorage.swift */; };
		570ADCA0259C0D33006970DF /* StorageOwner.swift in Sources */ = {isa = PBXBuildFile; fileRef = 570ADC9F259C0D33006970DF /* StorageOwner.swift */; };
		570ADCA1259C0D33006970DF /* StorageOwner.swift in Sources */ = {isa = PBXBuildFile; fileRef = 570ADC9F259C0D33006970DF /* StorageOwner.swift */; };
		570ADCB3259D0B3F006970DF /* Main.storyboard in Resources */ = {isa = PBXBuildFile; fileRef = 57B18510259A841600EE615A /* Main.storyboard */; };
		570ADCB4259D0B3F006970DF /* LaunchScreen.storyboard in Resources */ = {isa = PBXBuildFile; fileRef = 57B18518259A841700EE615A /* LaunchScreen.storyboard */; };
		572272F9259B964F00D6ACBF /* AppSettings.swift in Sources */ = {isa = PBXBuildFile; fileRef = 572272F8259B964F00D6ACBF /* AppSettings.swift */; };
		572272FE259B9D1A00D6ACBF /* Authenticator.swift in Sources */ = {isa = PBXBuildFile; fileRef = 572272FD259B9D1A00D6ACBF /* Authenticator.swift */; };
		57227303259BA40500D6ACBF /* CurrenciesStore.swift in Sources */ = {isa = PBXBuildFile; fileRef = 57227302259BA40500D6ACBF /* CurrenciesStore.swift */; };
		57227309259BC27400D6ACBF /* Currencies.swift in Sources */ = {isa = PBXBuildFile; fileRef = 57B185B1259AE36900EE615A /* Currencies.swift */; };
		5722730A259BC27400D6ACBF /* CurrenciesStore.swift in Sources */ = {isa = PBXBuildFile; fileRef = 57227302259BA40500D6ACBF /* CurrenciesStore.swift */; };
		5722730B259BC27400D6ACBF /* AppSettings.swift in Sources */ = {isa = PBXBuildFile; fileRef = 572272F8259B964F00D6ACBF /* AppSettings.swift */; };
		5722730C259BC27400D6ACBF /* Authenticator.swift in Sources */ = {isa = PBXBuildFile; fileRef = 572272FD259B9D1A00D6ACBF /* Authenticator.swift */; };
		57227311259BCD8A00D6ACBF /* list.json in Resources */ = {isa = PBXBuildFile; fileRef = 57227310259BCD8A00D6ACBF /* list.json */; };
		57227326259BD07300D6ACBF /* CurrencyLayerTestRouter.swift in Sources */ = {isa = PBXBuildFile; fileRef = 57227325259BD07300D6ACBF /* CurrencyLayerTestRouter.swift */; };
		576882E525A4CB0B00430965 /* MainInteractor.swift in Sources */ = {isa = PBXBuildFile; fileRef = 576882E425A4CB0B00430965 /* MainInteractor.swift */; };
		576882E625A4CB0B00430965 /* MainInteractor.swift in Sources */ = {isa = PBXBuildFile; fileRef = 576882E425A4CB0B00430965 /* MainInteractor.swift */; };
		576882EF25A4D26F00430965 /* Bindable.swift in Sources */ = {isa = PBXBuildFile; fileRef = 576882EE25A4D26F00430965 /* Bindable.swift */; };
		576882F025A4D26F00430965 /* Bindable.swift in Sources */ = {isa = PBXBuildFile; fileRef = 576882EE25A4D26F00430965 /* Bindable.swift */; };
		576882FB25A4D34600430965 /* MainViewModel.swift in Sources */ = {isa = PBXBuildFile; fileRef = 576882FA25A4D34600430965 /* MainViewModel.swift */; };
		576882FC25A4D34600430965 /* MainViewModel.swift in Sources */ = {isa = PBXBuildFile; fileRef = 576882FA25A4D34600430965 /* MainViewModel.swift */; };
		5768831325A4D76B00430965 /* CurrenciesViewController.swift in Sources */ = {isa = PBXBuildFile; fileRef = 5768831225A4D76B00430965 /* CurrenciesViewController.swift */; };
		5768831425A4D76B00430965 /* CurrenciesViewController.swift in Sources */ = {isa = PBXBuildFile; fileRef = 5768831225A4D76B00430965 /* CurrenciesViewController.swift */; };
		5768831925A4D7AF00430965 /* CurrenciesViewModel.swift in Sources */ = {isa = PBXBuildFile; fileRef = 5768831825A4D7AF00430965 /* CurrenciesViewModel.swift */; };
		5768831A25A4D7AF00430965 /* CurrenciesViewModel.swift in Sources */ = {isa = PBXBuildFile; fileRef = 5768831825A4D7AF00430965 /* CurrenciesViewModel.swift */; };
		5768831F25A4D7BF00430965 /* CurrenciesInteractor.swift in Sources */ = {isa = PBXBuildFile; fileRef = 5768831E25A4D7BF00430965 /* CurrenciesInteractor.swift */; };
		5768832025A4D7BF00430965 /* CurrenciesInteractor.swift in Sources */ = {isa = PBXBuildFile; fileRef = 5768831E25A4D7BF00430965 /* CurrenciesInteractor.swift */; };
		5768833825A53FD400430965 /* ConverterViewController.swift in Sources */ = {isa = PBXBuildFile; fileRef = 5768833725A53FD400430965 /* ConverterViewController.swift */; };
		5768833925A53FD400430965 /* ConverterViewController.swift in Sources */ = {isa = PBXBuildFile; fileRef = 5768833725A53FD400430965 /* ConverterViewController.swift */; };
		5768833E25A554E000430965 /* ConverterViewModel.swift in Sources */ = {isa = PBXBuildFile; fileRef = 5768833D25A554E000430965 /* ConverterViewModel.swift */; };
		5768833F25A554E000430965 /* ConverterViewModel.swift in Sources */ = {isa = PBXBuildFile; fileRef = 5768833D25A554E000430965 /* ConverterViewModel.swift */; };
		5768834425A554F300430965 /* ConverterInteractor.swift in Sources */ = {isa = PBXBuildFile; fileRef = 5768834325A554F300430965 /* ConverterInteractor.swift */; };
		5768834525A554F300430965 /* ConverterInteractor.swift in Sources */ = {isa = PBXBuildFile; fileRef = 5768834325A554F300430965 /* ConverterInteractor.swift */; };
		5768834B25A5758C00430965 /* DateExtensions.swift in Sources */ = {isa = PBXBuildFile; fileRef = 5768834A25A5758C00430965 /* DateExtensions.swift */; };
		5768834C25A5758C00430965 /* DateExtensions.swift in Sources */ = {isa = PBXBuildFile; fileRef = 5768834A25A5758C00430965 /* DateExtensions.swift */; };
		577673F725A4260200EDA736 /* ConverterTests.swift in Sources */ = {isa = PBXBuildFile; fileRef = 577673F625A4260200EDA736 /* ConverterTests.swift */; };
		5776740325A4380500EDA736 /* StringExtensions.swift in Sources */ = {isa = PBXBuildFile; fileRef = 5776740225A4380500EDA736 /* StringExtensions.swift */; };
		5776740425A4380500EDA736 /* StringExtensions.swift in Sources */ = {isa = PBXBuildFile; fileRef = 5776740225A4380500EDA736 /* StringExtensions.swift */; };
		5776740D25A438D900EDA736 /* DoubleExtensions.swift in Sources */ = {isa = PBXBuildFile; fileRef = 5776740C25A438D900EDA736 /* DoubleExtensions.swift */; };
		5776740E25A438D900EDA736 /* DoubleExtensions.swift in Sources */ = {isa = PBXBuildFile; fileRef = 5776740C25A438D900EDA736 /* DoubleExtensions.swift */; };
		5792925B25A63A45005663FA /* UITextFieldExtensions.swift in Sources */ = {isa = PBXBuildFile; fileRef = 5792925A25A63A45005663FA /* UITextFieldExtensions.swift */; };
		5792926125A63B57005663FA /* TextFieldPublisher.swift in Sources */ = {isa = PBXBuildFile; fileRef = 5792926025A63B57005663FA /* TextFieldPublisher.swift */; };
		5792926225A63B57005663FA /* TextFieldPublisher.swift in Sources */ = {isa = PBXBuildFile; fileRef = 5792926025A63B57005663FA /* TextFieldPublisher.swift */; };
		5792926D25A69F40005663FA /* ConversionCell.swift in Sources */ = {isa = PBXBuildFile; fileRef = 5792926C25A69F40005663FA /* ConversionCell.swift */; };
		5792926E25A69F40005663FA /* ConversionCell.swift in Sources */ = {isa = PBXBuildFile; fileRef = 5792926C25A69F40005663FA /* ConversionCell.swift */; };
		5792927425A6A2C4005663FA /* Rendereable.swift in Sources */ = {isa = PBXBuildFile; fileRef = 5792927325A6A2C4005663FA /* Rendereable.swift */; };
		5792927525A6A2C4005663FA /* Rendereable.swift in Sources */ = {isa = PBXBuildFile; fileRef = 5792927325A6A2C4005663FA /* Rendereable.swift */; };
		5792927D25A6A650005663FA /* CurrencyCell.swift in Sources */ = {isa = PBXBuildFile; fileRef = 5792927C25A6A650005663FA /* CurrencyCell.swift */; };
		5792927E25A6A650005663FA /* CurrencyCell.swift in Sources */ = {isa = PBXBuildFile; fileRef = 5792927C25A6A650005663FA /* CurrencyCell.swift */; };
		5792928425A6B7C2005663FA /* Style.swift in Sources */ = {isa = PBXBuildFile; fileRef = 5792928325A6B7C2005663FA /* Style.swift */; };
		5792928F25A7D559005663FA /* ConverterView.swift in Sources */ = {isa = PBXBuildFile; fileRef = 5792928E25A7D559005663FA /* ConverterView.swift */; };
		5792929025A7D559005663FA /* ConverterView.swift in Sources */ = {isa = PBXBuildFile; fileRef = 5792928E25A7D559005663FA /* ConverterView.swift */; };
		57B1850B259A841600EE615A /* AppDelegate.swift in Sources */ = {isa = PBXBuildFile; fileRef = 57B1850A259A841600EE615A /* AppDelegate.swift */; };
		57B1850D259A841600EE615A /* SceneDelegate.swift in Sources */ = {isa = PBXBuildFile; fileRef = 57B1850C259A841600EE615A /* SceneDelegate.swift */; };
		57B1850F259A841600EE615A /* MainViewController.swift in Sources */ = {isa = PBXBuildFile; fileRef = 57B1850E259A841600EE615A /* MainViewController.swift */; };
		57B18515259A841600EE615A /* CurrencyConverter.xcdatamodeld in Sources */ = {isa = PBXBuildFile; fileRef = 57B18513259A841600EE615A /* CurrencyConverter.xcdatamodeld */; };
		57B18517259A841700EE615A /* Assets.xcassets in Resources */ = {isa = PBXBuildFile; fileRef = 57B18516259A841700EE615A /* Assets.xcassets */; };
		57B18530259A841700EE615A /* CurrencyConverterUITests.swift in Sources */ = {isa = PBXBuildFile; fileRef = 57B1852F259A841700EE615A /* CurrencyConverterUITests.swift */; };
		57B18546259A883A00EE615A /* HTTPMethod.swift in Sources */ = {isa = PBXBuildFile; fileRef = 57B18545259A883A00EE615A /* HTTPMethod.swift */; };
		57B1854E259A887500EE615A /* Router.swift in Sources */ = {isa = PBXBuildFile; fileRef = 57B1854D259A887500EE615A /* Router.swift */; };
		57B18553259A892E00EE615A /* PublisherBuilder.swift in Sources */ = {isa = PBXBuildFile; fileRef = 57B18552259A892E00EE615A /* PublisherBuilder.swift */; };
		57B18559259A89AF00EE615A /* AppError.swift in Sources */ = {isa = PBXBuildFile; fileRef = 57B18558259A89AF00EE615A /* AppError.swift */; };
		57B18561259A8B2E00EE615A /* Store.swift in Sources */ = {isa = PBXBuildFile; fileRef = 57B18560259A8B2E00EE615A /* Store.swift */; };
		57B1856B259A8FAA00EE615A /* APISettings.plist in Resources */ = {isa = PBXBuildFile; fileRef = 57B1856A259A8FAA00EE615A /* APISettings.plist */; };
		57B18570259A8FEE00EE615A /* APISettings.swift in Sources */ = {isa = PBXBuildFile; fileRef = 57B1856F259A8FEE00EE615A /* APISettings.swift */; };
		57B1857F259A983300EE615A /* APISettingsStore.swift in Sources */ = {isa = PBXBuildFile; fileRef = 57B1857E259A983300EE615A /* APISettingsStore.swift */; };
		57B18589259AA3E100EE615A /* APISettingsRouter.swift in Sources */ = {isa = PBXBuildFile; fileRef = 57B18588259AA3E100EE615A /* APISettingsRouter.swift */; };
		57B18590259AA5CA00EE615A /* APISettingsTests.swift in Sources */ = {isa = PBXBuildFile; fileRef = 57B1858F259AA5CA00EE615A /* APISettingsTests.swift */; };
		57B18598259AA65400EE615A /* APISettings.swift in Sources */ = {isa = PBXBuildFile; fileRef = 57B1856F259A8FEE00EE615A /* APISettings.swift */; };
		57B18599259AA65400EE615A /* Store.swift in Sources */ = {isa = PBXBuildFile; fileRef = 57B18560259A8B2E00EE615A /* Store.swift */; };
		57B1859A259AA65400EE615A /* APISettingsStore.swift in Sources */ = {isa = PBXBuildFile; fileRef = 57B1857E259A983300EE615A /* APISettingsStore.swift */; };
		57B1859B259AA65400EE615A /* AppError.swift in Sources */ = {isa = PBXBuildFile; fileRef = 57B18558259A89AF00EE615A /* AppError.swift */; };
		57B1859C259AA65400EE615A /* HTTPMethod.swift in Sources */ = {isa = PBXBuildFile; fileRef = 57B18545259A883A00EE615A /* HTTPMethod.swift */; };
		57B1859D259AA65400EE615A /* Router.swift in Sources */ = {isa = PBXBuildFile; fileRef = 57B1854D259A887500EE615A /* Router.swift */; };
		57B1859E259AA65400EE615A /* APISettingsRouter.swift in Sources */ = {isa = PBXBuildFile; fileRef = 57B18588259AA3E100EE615A /* APISettingsRouter.swift */; };
		57B1859F259AA65400EE615A /* PublisherBuilder.swift in Sources */ = {isa = PBXBuildFile; fileRef = 57B18552259A892E00EE615A /* PublisherBuilder.swift */; };
		57B185AA259AB05A00EE615A /* APISettings.plist in Resources */ = {isa = PBXBuildFile; fileRef = 57B1856A259A8FAA00EE615A /* APISettings.plist */; };
		57B185B2259AE36900EE615A /* Currencies.swift in Sources */ = {isa = PBXBuildFile; fileRef = 57B185B1259AE36900EE615A /* Currencies.swift */; };
		57B185BF259AE61800EE615A /* CurrenciesTests.swift in Sources */ = {isa = PBXBuildFile; fileRef = 57B185BE259AE61800EE615A /* CurrenciesTests.swift */; };
		57B185D6259AE68500EE615A /* CurrencyLayerRouter.swift in Sources */ = {isa = PBXBuildFile; fileRef = 57B185D5259AE68500EE615A /* CurrencyLayerRouter.swift */; };
		57B185D7259AE68500EE615A /* CurrencyLayerRouter.swift in Sources */ = {isa = PBXBuildFile; fileRef = 57B185D5259AE68500EE615A /* CurrencyLayerRouter.swift */; };
		57DFE8A625A3D5E60030233E /* Conversion.swift in Sources */ = {isa = PBXBuildFile; fileRef = 57DFE8A525A3D5E60030233E /* Conversion.swift */; };
		57DFE8A725A3D5E60030233E /* Conversion.swift in Sources */ = {isa = PBXBuildFile; fileRef = 57DFE8A525A3D5E60030233E /* Conversion.swift */; };
		57DFE8B025A3DD600030233E /* Converter.swift in Sources */ = {isa = PBXBuildFile; fileRef = 57DFE8AF25A3DD600030233E /* Converter.swift */; };
		57DFE8B125A3DD600030233E /* Converter.swift in Sources */ = {isa = PBXBuildFile; fileRef = 57DFE8AF25A3DD600030233E /* Converter.swift */; };
/* End PBXBuildFile section */

/* Begin PBXContainerItemProxy section */
		57B18521259A841700EE615A /* PBXContainerItemProxy */ = {
			isa = PBXContainerItemProxy;
			containerPortal = 57B184FF259A841600EE615A /* Project object */;
			proxyType = 1;
			remoteGlobalIDString = 57B18506259A841600EE615A;
			remoteInfo = CurrencyConverter;
		};
		57B1852C259A841700EE615A /* PBXContainerItemProxy */ = {
			isa = PBXContainerItemProxy;
			containerPortal = 57B184FF259A841600EE615A /* Project object */;
			proxyType = 1;
			remoteGlobalIDString = 57B18506259A841600EE615A;
			remoteInfo = CurrencyConverter;
		};
/* End PBXContainerItemProxy section */

/* Begin PBXFileReference section */
		570ADC64259BE831006970DF /* Quotes.swift */ = {isa = PBXFileReference; lastKnownFileType = sourcecode.swift; path = Quotes.swift; sourceTree = "<group>"; };
		570ADC6D259BEC0C006970DF /* live.json */ = {isa = PBXFileReference; fileEncoding = 4; lastKnownFileType = text.json; path = live.json; sourceTree = "<group>"; };
		570ADC76259BEC20006970DF /* QuotesStore.swift */ = {isa = PBXFileReference; lastKnownFileType = sourcecode.swift; path = QuotesStore.swift; sourceTree = "<group>"; };
		570ADC81259BECEB006970DF /* QuotesTests.swift */ = {isa = PBXFileReference; lastKnownFileType = sourcecode.swift; path = QuotesTests.swift; sourceTree = "<group>"; };
		570ADC90259C06D4006970DF /* Storage.swift */ = {isa = PBXFileReference; lastKnownFileType = sourcecode.swift; path = Storage.swift; sourceTree = "<group>"; };
		570ADC99259C0827006970DF /* DiskStorage.swift */ = {isa = PBXFileReference; lastKnownFileType = sourcecode.swift; path = DiskStorage.swift; sourceTree = "<group>"; };
		570ADC9F259C0D33006970DF /* StorageOwner.swift */ = {isa = PBXFileReference; lastKnownFileType = sourcecode.swift; path = StorageOwner.swift; sourceTree = "<group>"; };
		572272F8259B964F00D6ACBF /* AppSettings.swift */ = {isa = PBXFileReference; lastKnownFileType = sourcecode.swift; path = AppSettings.swift; sourceTree = "<group>"; };
		572272FD259B9D1A00D6ACBF /* Authenticator.swift */ = {isa = PBXFileReference; lastKnownFileType = sourcecode.swift; path = Authenticator.swift; sourceTree = "<group>"; };
		57227302259BA40500D6ACBF /* CurrenciesStore.swift */ = {isa = PBXFileReference; lastKnownFileType = sourcecode.swift; path = CurrenciesStore.swift; sourceTree = "<group>"; };
		57227310259BCD8A00D6ACBF /* list.json */ = {isa = PBXFileReference; fileEncoding = 4; lastKnownFileType = text.json; path = list.json; sourceTree = "<group>"; };
		57227325259BD07300D6ACBF /* CurrencyLayerTestRouter.swift */ = {isa = PBXFileReference; lastKnownFileType = sourcecode.swift; path = CurrencyLayerTestRouter.swift; sourceTree = "<group>"; };
		576882E425A4CB0B00430965 /* MainInteractor.swift */ = {isa = PBXFileReference; lastKnownFileType = sourcecode.swift; path = MainInteractor.swift; sourceTree = "<group>"; };
		576882EE25A4D26F00430965 /* Bindable.swift */ = {isa = PBXFileReference; lastKnownFileType = sourcecode.swift; path = Bindable.swift; sourceTree = "<group>"; };
		576882FA25A4D34600430965 /* MainViewModel.swift */ = {isa = PBXFileReference; lastKnownFileType = sourcecode.swift; path = MainViewModel.swift; sourceTree = "<group>"; };
		5768831225A4D76B00430965 /* CurrenciesViewController.swift */ = {isa = PBXFileReference; lastKnownFileType = sourcecode.swift; path = CurrenciesViewController.swift; sourceTree = "<group>"; };
		5768831825A4D7AF00430965 /* CurrenciesViewModel.swift */ = {isa = PBXFileReference; lastKnownFileType = sourcecode.swift; path = CurrenciesViewModel.swift; sourceTree = "<group>"; };
		5768831E25A4D7BF00430965 /* CurrenciesInteractor.swift */ = {isa = PBXFileReference; lastKnownFileType = sourcecode.swift; path = CurrenciesInteractor.swift; sourceTree = "<group>"; };
		5768833725A53FD400430965 /* ConverterViewController.swift */ = {isa = PBXFileReference; lastKnownFileType = sourcecode.swift; path = ConverterViewController.swift; sourceTree = "<group>"; };
		5768833D25A554E000430965 /* ConverterViewModel.swift */ = {isa = PBXFileReference; lastKnownFileType = sourcecode.swift; path = ConverterViewModel.swift; sourceTree = "<group>"; };
		5768834325A554F300430965 /* ConverterInteractor.swift */ = {isa = PBXFileReference; lastKnownFileType = sourcecode.swift; path = ConverterInteractor.swift; sourceTree = "<group>"; };
		5768834A25A5758C00430965 /* DateExtensions.swift */ = {isa = PBXFileReference; lastKnownFileType = sourcecode.swift; path = DateExtensions.swift; sourceTree = "<group>"; };
		577673F625A4260200EDA736 /* ConverterTests.swift */ = {isa = PBXFileReference; lastKnownFileType = sourcecode.swift; path = ConverterTests.swift; sourceTree = "<group>"; };
		5776740225A4380500EDA736 /* StringExtensions.swift */ = {isa = PBXFileReference; lastKnownFileType = sourcecode.swift; path = StringExtensions.swift; sourceTree = "<group>"; };
		5776740C25A438D900EDA736 /* DoubleExtensions.swift */ = {isa = PBXFileReference; lastKnownFileType = sourcecode.swift; path = DoubleExtensions.swift; sourceTree = "<group>"; };
		5792925A25A63A45005663FA /* UITextFieldExtensions.swift */ = {isa = PBXFileReference; lastKnownFileType = sourcecode.swift; path = UITextFieldExtensions.swift; sourceTree = "<group>"; };
		5792926025A63B57005663FA /* TextFieldPublisher.swift */ = {isa = PBXFileReference; lastKnownFileType = sourcecode.swift; path = TextFieldPublisher.swift; sourceTree = "<group>"; };
		5792926C25A69F40005663FA /* ConversionCell.swift */ = {isa = PBXFileReference; lastKnownFileType = sourcecode.swift; path = ConversionCell.swift; sourceTree = "<group>"; };
		5792927325A6A2C4005663FA /* Rendereable.swift */ = {isa = PBXFileReference; lastKnownFileType = sourcecode.swift; path = Rendereable.swift; sourceTree = "<group>"; };
		5792927C25A6A650005663FA /* CurrencyCell.swift */ = {isa = PBXFileReference; lastKnownFileType = sourcecode.swift; path = CurrencyCell.swift; sourceTree = "<group>"; };
		5792928325A6B7C2005663FA /* Style.swift */ = {isa = PBXFileReference; lastKnownFileType = sourcecode.swift; path = Style.swift; sourceTree = "<group>"; };
		5792928E25A7D559005663FA /* ConverterView.swift */ = {isa = PBXFileReference; lastKnownFileType = sourcecode.swift; path = ConverterView.swift; sourceTree = "<group>"; };
		57B18507259A841600EE615A /* CurrencyConverter.app */ = {isa = PBXFileReference; explicitFileType = wrapper.application; includeInIndex = 0; path = CurrencyConverter.app; sourceTree = BUILT_PRODUCTS_DIR; };
		57B1850A259A841600EE615A /* AppDelegate.swift */ = {isa = PBXFileReference; lastKnownFileType = sourcecode.swift; path = AppDelegate.swift; sourceTree = "<group>"; };
		57B1850C259A841600EE615A /* SceneDelegate.swift */ = {isa = PBXFileReference; lastKnownFileType = sourcecode.swift; path = SceneDelegate.swift; sourceTree = "<group>"; };
		57B1850E259A841600EE615A /* MainViewController.swift */ = {isa = PBXFileReference; lastKnownFileType = sourcecode.swift; path = MainViewController.swift; sourceTree = "<group>"; };
		57B18511259A841600EE615A /* Base */ = {isa = PBXFileReference; lastKnownFileType = file.storyboard; name = Base; path = Base.lproj/Main.storyboard; sourceTree = "<group>"; };
		57B18514259A841600EE615A /* CurrencyConverter.xcdatamodel */ = {isa = PBXFileReference; lastKnownFileType = wrapper.xcdatamodel; path = CurrencyConverter.xcdatamodel; sourceTree = "<group>"; };
		57B18516259A841700EE615A /* Assets.xcassets */ = {isa = PBXFileReference; lastKnownFileType = folder.assetcatalog; path = Assets.xcassets; sourceTree = "<group>"; };
		57B18519259A841700EE615A /* Base */ = {isa = PBXFileReference; lastKnownFileType = file.storyboard; name = Base; path = Base.lproj/LaunchScreen.storyboard; sourceTree = "<group>"; };
		57B1851B259A841700EE615A /* Info.plist */ = {isa = PBXFileReference; lastKnownFileType = text.plist.xml; path = Info.plist; sourceTree = "<group>"; };
		57B18520259A841700EE615A /* CurrencyConverterTests.xctest */ = {isa = PBXFileReference; explicitFileType = wrapper.cfbundle; includeInIndex = 0; path = CurrencyConverterTests.xctest; sourceTree = BUILT_PRODUCTS_DIR; };
		57B18526259A841700EE615A /* Info.plist */ = {isa = PBXFileReference; lastKnownFileType = text.plist.xml; path = Info.plist; sourceTree = "<group>"; };
		57B1852B259A841700EE615A /* CurrencyConverterUITests.xctest */ = {isa = PBXFileReference; explicitFileType = wrapper.cfbundle; includeInIndex = 0; path = CurrencyConverterUITests.xctest; sourceTree = BUILT_PRODUCTS_DIR; };
		57B1852F259A841700EE615A /* CurrencyConverterUITests.swift */ = {isa = PBXFileReference; lastKnownFileType = sourcecode.swift; path = CurrencyConverterUITests.swift; sourceTree = "<group>"; };
		57B18531259A841700EE615A /* Info.plist */ = {isa = PBXFileReference; lastKnownFileType = text.plist.xml; path = Info.plist; sourceTree = "<group>"; };
		57B18545259A883A00EE615A /* HTTPMethod.swift */ = {isa = PBXFileReference; lastKnownFileType = sourcecode.swift; path = HTTPMethod.swift; sourceTree = "<group>"; };
		57B1854D259A887500EE615A /* Router.swift */ = {isa = PBXFileReference; lastKnownFileType = sourcecode.swift; path = Router.swift; sourceTree = "<group>"; };
		57B18552259A892E00EE615A /* PublisherBuilder.swift */ = {isa = PBXFileReference; lastKnownFileType = sourcecode.swift; path = PublisherBuilder.swift; sourceTree = "<group>"; };
		57B18558259A89AF00EE615A /* AppError.swift */ = {isa = PBXFileReference; lastKnownFileType = sourcecode.swift; path = AppError.swift; sourceTree = "<group>"; };
		57B18560259A8B2E00EE615A /* Store.swift */ = {isa = PBXFileReference; lastKnownFileType = sourcecode.swift; path = Store.swift; sourceTree = "<group>"; };
		57B1856A259A8FAA00EE615A /* APISettings.plist */ = {isa = PBXFileReference; lastKnownFileType = text.plist.xml; path = APISettings.plist; sourceTree = "<group>"; };
		57B1856F259A8FEE00EE615A /* APISettings.swift */ = {isa = PBXFileReference; lastKnownFileType = sourcecode.swift; path = APISettings.swift; sourceTree = "<group>"; };
		57B1857E259A983300EE615A /* APISettingsStore.swift */ = {isa = PBXFileReference; lastKnownFileType = sourcecode.swift; path = APISettingsStore.swift; sourceTree = "<group>"; };
		57B18588259AA3E100EE615A /* APISettingsRouter.swift */ = {isa = PBXFileReference; lastKnownFileType = sourcecode.swift; path = APISettingsRouter.swift; sourceTree = "<group>"; };
		57B1858F259AA5CA00EE615A /* APISettingsTests.swift */ = {isa = PBXFileReference; lastKnownFileType = sourcecode.swift; path = APISettingsTests.swift; sourceTree = "<group>"; };
		57B185B1259AE36900EE615A /* Currencies.swift */ = {isa = PBXFileReference; lastKnownFileType = sourcecode.swift; path = Currencies.swift; sourceTree = "<group>"; };
		57B185BE259AE61800EE615A /* CurrenciesTests.swift */ = {isa = PBXFileReference; lastKnownFileType = sourcecode.swift; path = CurrenciesTests.swift; sourceTree = "<group>"; };
		57B185D5259AE68500EE615A /* CurrencyLayerRouter.swift */ = {isa = PBXFileReference; lastKnownFileType = sourcecode.swift; path = CurrencyLayerRouter.swift; sourceTree = "<group>"; };
		57DFE8A525A3D5E60030233E /* Conversion.swift */ = {isa = PBXFileReference; lastKnownFileType = sourcecode.swift; path = Conversion.swift; sourceTree = "<group>"; };
		57DFE8AF25A3DD600030233E /* Converter.swift */ = {isa = PBXFileReference; lastKnownFileType = sourcecode.swift; path = Converter.swift; sourceTree = "<group>"; };
/* End PBXFileReference section */

/* Begin PBXFrameworksBuildPhase section */
		57B18504259A841600EE615A /* Frameworks */ = {
			isa = PBXFrameworksBuildPhase;
			buildActionMask = 2147483647;
			files = (
			);
			runOnlyForDeploymentPostprocessing = 0;
		};
		57B1851D259A841700EE615A /* Frameworks */ = {
			isa = PBXFrameworksBuildPhase;
			buildActionMask = 2147483647;
			files = (
			);
			runOnlyForDeploymentPostprocessing = 0;
		};
		57B18528259A841700EE615A /* Frameworks */ = {
			isa = PBXFrameworksBuildPhase;
			buildActionMask = 2147483647;
			files = (
			);
			runOnlyForDeploymentPostprocessing = 0;
		};
/* End PBXFrameworksBuildPhase section */

/* Begin PBXGroup section */
		570ADC7F259BECB7006970DF /* Quotes */ = {
			isa = PBXGroup;
			children = (
				570ADC81259BECEB006970DF /* QuotesTests.swift */,
			);
			path = Quotes;
			sourceTree = "<group>";
		};
		570ADC80259BECCB006970DF /* Data */ = {
			isa = PBXGroup;
			children = (
				57227325259BD07300D6ACBF /* CurrencyLayerTestRouter.swift */,
			);
			path = Data;
			sourceTree = "<group>";
		};
		570ADC8F259C06AD006970DF /* Storage */ = {
			isa = PBXGroup;
			children = (
				570ADC90259C06D4006970DF /* Storage.swift */,
				570ADC99259C0827006970DF /* DiskStorage.swift */,
				570ADC9F259C0D33006970DF /* StorageOwner.swift */,
			);
			path = Storage;
			sourceTree = "<group>";
		};
		570ADCA5259D09A4006970DF /* Scenes */ = {
			isa = PBXGroup;
			children = (
				5768832A25A53F7D00430965 /* Converter */,
				5768830025A4D69000430965 /* Currencies */,
				570ADCA8259D0A05006970DF /* Main */,
				570ADCA7259D09FC006970DF /* Launch */,
			);
			path = Scenes;
			sourceTree = "<group>";
		};
		570ADCA6259D09BA006970DF /* Assets */ = {
			isa = PBXGroup;
			children = (
				57B18516259A841700EE615A /* Assets.xcassets */,
			);
			path = Assets;
			sourceTree = "<group>";
		};
		570ADCA7259D09FC006970DF /* Launch */ = {
			isa = PBXGroup;
			children = (
				57B18518259A841700EE615A /* LaunchScreen.storyboard */,
			);
			path = Launch;
			sourceTree = "<group>";
		};
		570ADCA8259D0A05006970DF /* Main */ = {
			isa = PBXGroup;
			children = (
				57B18510259A841600EE615A /* Main.storyboard */,
				57B1850E259A841600EE615A /* MainViewController.swift */,
				576882FA25A4D34600430965 /* MainViewModel.swift */,
				576882E425A4CB0B00430965 /* MainInteractor.swift */,
				5792926C25A69F40005663FA /* ConversionCell.swift */,
				5792928E25A7D559005663FA /* ConverterView.swift */,
			);
			path = Main;
			sourceTree = "<group>";
		};
		570ADCA9259D0A15006970DF /* AppDelegate */ = {
			isa = PBXGroup;
			children = (
				57B1850A259A841600EE615A /* AppDelegate.swift */,
				57B1850C259A841600EE615A /* SceneDelegate.swift */,
			);
			path = AppDelegate;
			sourceTree = "<group>";
		};
		572272F7259B963A00D6ACBF /* Settings */ = {
			isa = PBXGroup;
			children = (
				572272F8259B964F00D6ACBF /* AppSettings.swift */,
			);
			path = Settings;
			sourceTree = "<group>";
		};
		57227318259BCE5C00D6ACBF /* APISettings */ = {
			isa = PBXGroup;
			children = (
				57B1858F259AA5CA00EE615A /* APISettingsTests.swift */,
			);
			path = APISettings;
			sourceTree = "<group>";
		};
		57227319259BCE6300D6ACBF /* Currencies */ = {
			isa = PBXGroup;
			children = (
				57B185BE259AE61800EE615A /* CurrenciesTests.swift */,
			);
			path = Currencies;
			sourceTree = "<group>";
		};
		576882ED25A4D26100430965 /* Binding */ = {
			isa = PBXGroup;
			children = (
				576882EE25A4D26F00430965 /* Bindable.swift */,
			);
			path = Binding;
			sourceTree = "<group>";
		};
		5768830025A4D69000430965 /* Currencies */ = {
			isa = PBXGroup;
			children = (
				5768831225A4D76B00430965 /* CurrenciesViewController.swift */,
				5768831825A4D7AF00430965 /* CurrenciesViewModel.swift */,
				5768831E25A4D7BF00430965 /* CurrenciesInteractor.swift */,
				5792927C25A6A650005663FA /* CurrencyCell.swift */,
			);
			path = Currencies;
			sourceTree = "<group>";
		};
		5768832A25A53F7D00430965 /* Converter */ = {
			isa = PBXGroup;
			children = (
				5768833725A53FD400430965 /* ConverterViewController.swift */,
				5768833D25A554E000430965 /* ConverterViewModel.swift */,
				5768834325A554F300430965 /* ConverterInteractor.swift */,
			);
			path = Converter;
			sourceTree = "<group>";
		};
		5768834925A5757B00430965 /* Date */ = {
			isa = PBXGroup;
			children = (
				5768834A25A5758C00430965 /* DateExtensions.swift */,
			);
			path = Date;
			sourceTree = "<group>";
		};
		577673F425A425E700EDA736 /* Logic */ = {
			isa = PBXGroup;
			children = (
				577673F525A425EE00EDA736 /* Converter */,
			);
			path = Logic;
			sourceTree = "<group>";
		};
		577673F525A425EE00EDA736 /* Converter */ = {
			isa = PBXGroup;
			children = (
				577673F625A4260200EDA736 /* ConverterTests.swift */,
			);
			path = Converter;
			sourceTree = "<group>";
		};
		5776740125A437EC00EDA736 /* String */ = {
			isa = PBXGroup;
			children = (
				5776740225A4380500EDA736 /* StringExtensions.swift */,
			);
			path = String;
			sourceTree = "<group>";
		};
		5776740B25A438CA00EDA736 /* Double */ = {
			isa = PBXGroup;
			children = (
				5776740C25A438D900EDA736 /* DoubleExtensions.swift */,
			);
			path = Double;
			sourceTree = "<group>";
		};
		5792925925A63A32005663FA /* UITextField */ = {
			isa = PBXGroup;
			children = (
				5792925A25A63A45005663FA /* UITextFieldExtensions.swift */,
			);
			path = UITextField;
			sourceTree = "<group>";
		};
		5792925F25A63B43005663FA /* Publishers */ = {
			isa = PBXGroup;
			children = (
				5792926025A63B57005663FA /* TextFieldPublisher.swift */,
			);
			path = Publishers;
			sourceTree = "<group>";
		};
		5792927225A6A2A8005663FA /* Render */ = {
			isa = PBXGroup;
			children = (
				5792927325A6A2C4005663FA /* Rendereable.swift */,
			);
			path = Render;
			sourceTree = "<group>";
		};
		5792928225A6B7AE005663FA /* Style */ = {
			isa = PBXGroup;
			children = (
				5792928325A6B7C2005663FA /* Style.swift */,
			);
			path = Style;
			sourceTree = "<group>";
		};
		57B184FE259A841600EE615A = {
			isa = PBXGroup;
			children = (
				57B18509259A841600EE615A /* CurrencyConverter */,
				57B18523259A841700EE615A /* CurrencyConverterTests */,
				57B1852E259A841700EE615A /* CurrencyConverterUITests */,
				57B18508259A841600EE615A /* Products */,
			);
			sourceTree = "<group>";
		};
		57B18508259A841600EE615A /* Products */ = {
			isa = PBXGroup;
			children = (
				57B18507259A841600EE615A /* CurrencyConverter.app */,
				57B18520259A841700EE615A /* CurrencyConverterTests.xctest */,
				57B1852B259A841700EE615A /* CurrencyConverterUITests.xctest */,
			);
			name = Products;
			sourceTree = "<group>";
		};
		57B18509259A841600EE615A /* CurrencyConverter */ = {
			isa = PBXGroup;
			children = (
				570ADCA9259D0A15006970DF /* AppDelegate */,
				570ADCA5259D09A4006970DF /* Scenes */,
				57B18574259A913400EE615A /* Extensions */,
				57B18568259A8F7200EE615A /* Resources */,
				57B1855D259A8B1500EE615A /* Data */,
				57B18540259A87D200EE615A /* Classes */,
				57B1851B259A841700EE615A /* Info.plist */,
				57B18513259A841600EE615A /* CurrencyConverter.xcdatamodeld */,
			);
			path = CurrencyConverter;
			sourceTree = "<group>";
		};
		57B18523259A841700EE615A /* CurrencyConverterTests */ = {
			isa = PBXGroup;
			children = (
				570ADC80259BECCB006970DF /* Data */,
				577673F425A425E700EDA736 /* Logic */,
				57B1858E259AA5B100EE615A /* Stores */,
				57B18526259A841700EE615A /* Info.plist */,
			);
			path = CurrencyConverterTests;
			sourceTree = "<group>";
		};
		57B1852E259A841700EE615A /* CurrencyConverterUITests */ = {
			isa = PBXGroup;
			children = (
				57B1852F259A841700EE615A /* CurrencyConverterUITests.swift */,
				57B18531259A841700EE615A /* Info.plist */,
			);
			path = CurrencyConverterUITests;
			sourceTree = "<group>";
		};
		57B18540259A87D200EE615A /* Classes */ = {
			isa = PBXGroup;
			children = (
				5792928225A6B7AE005663FA /* Style */,
				5792927225A6A2A8005663FA /* Render */,
				5792925F25A63B43005663FA /* Publishers */,
				576882ED25A4D26100430965 /* Binding */,
				570ADC8F259C06AD006970DF /* Storage */,
				572272F7259B963A00D6ACBF /* Settings */,
				57B18557259A899E00EE615A /* Error */,
				57B18541259A87DF00EE615A /* Network */,
			);
			path = Classes;
			sourceTree = "<group>";
		};
		57B18541259A87DF00EE615A /* Network */ = {
			isa = PBXGroup;
			children = (
				57B18544259A880A00EE615A /* Common */,
				57B18543259A880300EE615A /* Routers */,
				57B18542259A87F600EE615A /* Publishers */,
			);
			path = Network;
			sourceTree = "<group>";
		};
		57B18542259A87F600EE615A /* Publishers */ = {
			isa = PBXGroup;
			children = (
				57B18552259A892E00EE615A /* PublisherBuilder.swift */,
			);
			path = Publishers;
			sourceTree = "<group>";
		};
		57B18543259A880300EE615A /* Routers */ = {
			isa = PBXGroup;
			children = (
				57B1854D259A887500EE615A /* Router.swift */,
				57B18588259AA3E100EE615A /* APISettingsRouter.swift */,
				57B185D5259AE68500EE615A /* CurrencyLayerRouter.swift */,
			);
			path = Routers;
			sourceTree = "<group>";
		};
		57B18544259A880A00EE615A /* Common */ = {
			isa = PBXGroup;
			children = (
				57B18545259A883A00EE615A /* HTTPMethod.swift */,
				572272FD259B9D1A00D6ACBF /* Authenticator.swift */,
			);
			path = Common;
			sourceTree = "<group>";
		};
		57B18557259A899E00EE615A /* Error */ = {
			isa = PBXGroup;
			children = (
				57B18558259A89AF00EE615A /* AppError.swift */,
			);
			path = Error;
			sourceTree = "<group>";
		};
		57B1855D259A8B1500EE615A /* Data */ = {
			isa = PBXGroup;
			children = (
				57DFE8AE25A3DD500030233E /* Logic */,
				57B1855E259A8B1A00EE615A /* Model */,
				57B1855F259A8B1E00EE615A /* Stores */,
			);
			path = Data;
			sourceTree = "<group>";
		};
		57B1855E259A8B1A00EE615A /* Model */ = {
			isa = PBXGroup;
			children = (
				57B1856F259A8FEE00EE615A /* APISettings.swift */,
				57B185B1259AE36900EE615A /* Currencies.swift */,
				570ADC64259BE831006970DF /* Quotes.swift */,
				57DFE8A525A3D5E60030233E /* Conversion.swift */,
			);
			path = Model;
			sourceTree = "<group>";
		};
		57B1855F259A8B1E00EE615A /* Stores */ = {
			isa = PBXGroup;
			children = (
				57B18560259A8B2E00EE615A /* Store.swift */,
				57B1857E259A983300EE615A /* APISettingsStore.swift */,
				57227302259BA40500D6ACBF /* CurrenciesStore.swift */,
				570ADC76259BEC20006970DF /* QuotesStore.swift */,
			);
			path = Stores;
			sourceTree = "<group>";
		};
		57B18568259A8F7200EE615A /* Resources */ = {
			isa = PBXGroup;
			children = (
				570ADCA6259D09BA006970DF /* Assets */,
				57B18569259A8F8000EE615A /* Files */,
			);
			path = Resources;
			sourceTree = "<group>";
		};
		57B18569259A8F8000EE615A /* Files */ = {
			isa = PBXGroup;
			children = (
				57227310259BCD8A00D6ACBF /* list.json */,
				570ADC6D259BEC0C006970DF /* live.json */,
				57B1856A259A8FAA00EE615A /* APISettings.plist */,
			);
			path = Files;
			sourceTree = "<group>";
		};
		57B18574259A913400EE615A /* Extensions */ = {
			isa = PBXGroup;
			children = (
				5792925925A63A32005663FA /* UITextField */,
				5768834925A5757B00430965 /* Date */,
				5776740B25A438CA00EDA736 /* Double */,
				5776740125A437EC00EDA736 /* String */,
			);
			path = Extensions;
			sourceTree = "<group>";
		};
		57B1858E259AA5B100EE615A /* Stores */ = {
			isa = PBXGroup;
			children = (
				57227318259BCE5C00D6ACBF /* APISettings */,
				57227319259BCE6300D6ACBF /* Currencies */,
				570ADC7F259BECB7006970DF /* Quotes */,
			);
			path = Stores;
			sourceTree = "<group>";
		};
		57DFE8AE25A3DD500030233E /* Logic */ = {
			isa = PBXGroup;
			children = (
				57DFE8AF25A3DD600030233E /* Converter.swift */,
			);
			path = Logic;
			sourceTree = "<group>";
		};
/* End PBXGroup section */

/* Begin PBXNativeTarget section */
		57B18506259A841600EE615A /* CurrencyConverter */ = {
			isa = PBXNativeTarget;
			buildConfigurationList = 57B18534259A841700EE615A /* Build configuration list for PBXNativeTarget "CurrencyConverter" */;
			buildPhases = (
				57B18503259A841600EE615A /* Sources */,
				57B18504259A841600EE615A /* Frameworks */,
				57B18505259A841600EE615A /* Resources */,
			);
			buildRules = (
			);
			dependencies = (
			);
			name = CurrencyConverter;
			productName = CurrencyConverter;
			productReference = 57B18507259A841600EE615A /* CurrencyConverter.app */;
			productType = "com.apple.product-type.application";
		};
		57B1851F259A841700EE615A /* CurrencyConverterTests */ = {
			isa = PBXNativeTarget;
			buildConfigurationList = 57B18537259A841700EE615A /* Build configuration list for PBXNativeTarget "CurrencyConverterTests" */;
			buildPhases = (
				57B1851C259A841700EE615A /* Sources */,
				57B1851D259A841700EE615A /* Frameworks */,
				57B1851E259A841700EE615A /* Resources */,
			);
			buildRules = (
			);
			dependencies = (
				57B18522259A841700EE615A /* PBXTargetDependency */,
			);
			name = CurrencyConverterTests;
			productName = CurrencyConverterTests;
			productReference = 57B18520259A841700EE615A /* CurrencyConverterTests.xctest */;
			productType = "com.apple.product-type.bundle.unit-test";
		};
		57B1852A259A841700EE615A /* CurrencyConverterUITests */ = {
			isa = PBXNativeTarget;
			buildConfigurationList = 57B1853A259A841700EE615A /* Build configuration list for PBXNativeTarget "CurrencyConverterUITests" */;
			buildPhases = (
				57B18527259A841700EE615A /* Sources */,
				57B18528259A841700EE615A /* Frameworks */,
				57B18529259A841700EE615A /* Resources */,
			);
			buildRules = (
			);
			dependencies = (
				57B1852D259A841700EE615A /* PBXTargetDependency */,
			);
			name = CurrencyConverterUITests;
			productName = CurrencyConverterUITests;
			productReference = 57B1852B259A841700EE615A /* CurrencyConverterUITests.xctest */;
			productType = "com.apple.product-type.bundle.ui-testing";
		};
/* End PBXNativeTarget section */

/* Begin PBXProject section */
		57B184FF259A841600EE615A /* Project object */ = {
			isa = PBXProject;
			attributes = {
				LastSwiftUpdateCheck = 1200;
				LastUpgradeCheck = 1200;
				TargetAttributes = {
					57B18506259A841600EE615A = {
						CreatedOnToolsVersion = 12.0.1;
					};
					57B1851F259A841700EE615A = {
						CreatedOnToolsVersion = 12.0.1;
						TestTargetID = 57B18506259A841600EE615A;
					};
					57B1852A259A841700EE615A = {
						CreatedOnToolsVersion = 12.0.1;
						TestTargetID = 57B18506259A841600EE615A;
					};
				};
			};
			buildConfigurationList = 57B18502259A841600EE615A /* Build configuration list for PBXProject "CurrencyConverter" */;
			compatibilityVersion = "Xcode 9.3";
			developmentRegion = en;
			hasScannedForEncodings = 0;
			knownRegions = (
				en,
				Base,
			);
			mainGroup = 57B184FE259A841600EE615A;
			productRefGroup = 57B18508259A841600EE615A /* Products */;
			projectDirPath = "";
			projectRoot = "";
			targets = (
				57B18506259A841600EE615A /* CurrencyConverter */,
				57B1851F259A841700EE615A /* CurrencyConverterTests */,
				57B1852A259A841700EE615A /* CurrencyConverterUITests */,
			);
		};
/* End PBXProject section */

/* Begin PBXResourcesBuildPhase section */
		57B18505259A841600EE615A /* Resources */ = {
			isa = PBXResourcesBuildPhase;
			buildActionMask = 2147483647;
			files = (
				570ADCB3259D0B3F006970DF /* Main.storyboard in Resources */,
				570ADCB4259D0B3F006970DF /* LaunchScreen.storyboard in Resources */,
				570ADC60259BDA06006970DF /* list.json in Resources */,
				57B1856B259A8FAA00EE615A /* APISettings.plist in Resources */,
				57B18517259A841700EE615A /* Assets.xcassets in Resources */,
				570ADC6E259BEC0C006970DF /* live.json in Resources */,
			);
			runOnlyForDeploymentPostprocessing = 0;
		};
		57B1851E259A841700EE615A /* Resources */ = {
			isa = PBXResourcesBuildPhase;
			buildActionMask = 2147483647;
			files = (
				57227311259BCD8A00D6ACBF /* list.json in Resources */,
				57B185AA259AB05A00EE615A /* APISettings.plist in Resources */,
				570ADC6F259BEC0C006970DF /* live.json in Resources */,
			);
			runOnlyForDeploymentPostprocessing = 0;
		};
		57B18529259A841700EE615A /* Resources */ = {
			isa = PBXResourcesBuildPhase;
			buildActionMask = 2147483647;
			files = (
			);
			runOnlyForDeploymentPostprocessing = 0;
		};
/* End PBXResourcesBuildPhase section */

/* Begin PBXSourcesBuildPhase section */
		57B18503259A841600EE615A /* Sources */ = {
			isa = PBXSourcesBuildPhase;
			buildActionMask = 2147483647;
			files = (
				57B18589259AA3E100EE615A /* APISettingsRouter.swift in Sources */,
				5768834425A554F300430965 /* ConverterInteractor.swift in Sources */,
				570ADCA0259C0D33006970DF /* StorageOwner.swift in Sources */,
				57B1850F259A841600EE615A /* MainViewController.swift in Sources */,
				5768831F25A4D7BF00430965 /* CurrenciesInteractor.swift in Sources */,
				5792926D25A69F40005663FA /* ConversionCell.swift in Sources */,
				5768834B25A5758C00430965 /* DateExtensions.swift in Sources */,
				570ADC77259BEC20006970DF /* QuotesStore.swift in Sources */,
				57B1857F259A983300EE615A /* APISettingsStore.swift in Sources */,
				57DFE8B025A3DD600030233E /* Converter.swift in Sources */,
				57B18515259A841600EE615A /* CurrencyConverter.xcdatamodeld in Sources */,
				5768833825A53FD400430965 /* ConverterViewController.swift in Sources */,
				57B1850B259A841600EE615A /* AppDelegate.swift in Sources */,
				576882FB25A4D34600430965 /* MainViewModel.swift in Sources */,
				5792925B25A63A45005663FA /* UITextFieldExtensions.swift in Sources */,
				57B185D6259AE68500EE615A /* CurrencyLayerRouter.swift in Sources */,
				57B18561259A8B2E00EE615A /* Store.swift in Sources */,
				570ADC9A259C0827006970DF /* DiskStorage.swift in Sources */,
				5792927D25A6A650005663FA /* CurrencyCell.swift in Sources */,
				5792928425A6B7C2005663FA /* Style.swift in Sources */,
				57B18570259A8FEE00EE615A /* APISettings.swift in Sources */,
				570ADC91259C06D4006970DF /* Storage.swift in Sources */,
				57DFE8A625A3D5E60030233E /* Conversion.swift in Sources */,
				5768833E25A554E000430965 /* ConverterViewModel.swift in Sources */,
				5768831325A4D76B00430965 /* CurrenciesViewController.swift in Sources */,
				5792928F25A7D559005663FA /* ConverterView.swift in Sources */,
				570ADC65259BE831006970DF /* Quotes.swift in Sources */,
				572272F9259B964F00D6ACBF /* AppSettings.swift in Sources */,
				572272FE259B9D1A00D6ACBF /* Authenticator.swift in Sources */,
				576882E525A4CB0B00430965 /* MainInteractor.swift in Sources */,
				57227303259BA40500D6ACBF /* CurrenciesStore.swift in Sources */,
				57B18546259A883A00EE615A /* HTTPMethod.swift in Sources */,
				5792926125A63B57005663FA /* TextFieldPublisher.swift in Sources */,
				57B185B2259AE36900EE615A /* Currencies.swift in Sources */,
				57B18559259A89AF00EE615A /* AppError.swift in Sources */,
				576882EF25A4D26F00430965 /* Bindable.swift in Sources */,
				57B1854E259A887500EE615A /* Router.swift in Sources */,
				5776740D25A438D900EDA736 /* DoubleExtensions.swift in Sources */,
				5768831925A4D7AF00430965 /* CurrenciesViewModel.swift in Sources */,
				5776740325A4380500EDA736 /* StringExtensions.swift in Sources */,
				5792927425A6A2C4005663FA /* Rendereable.swift in Sources */,
				57B1850D259A841600EE615A /* SceneDelegate.swift in Sources */,
				57B18553259A892E00EE615A /* PublisherBuilder.swift in Sources */,
			);
			runOnlyForDeploymentPostprocessing = 0;
		};
		57B1851C259A841700EE615A /* Sources */ = {
			isa = PBXSourcesBuildPhase;
			buildActionMask = 2147483647;
			files = (
				57227309259BC27400D6ACBF /* Currencies.swift in Sources */,
				5768834C25A5758C00430965 /* DateExtensions.swift in Sources */,
				570ADCA1259C0D33006970DF /* StorageOwner.swift in Sources */,
				5722730A259BC27400D6ACBF /* CurrenciesStore.swift in Sources */,
				5768832025A4D7BF00430965 /* CurrenciesInteractor.swift in Sources */,
				570ADC78259BEC20006970DF /* QuotesStore.swift in Sources */,
				577673F725A4260200EDA736 /* ConverterTests.swift in Sources */,
				5792926225A63B57005663FA /* TextFieldPublisher.swift in Sources */,
				576882FC25A4D34600430965 /* MainViewModel.swift in Sources */,
				5768834525A554F300430965 /* ConverterInteractor.swift in Sources */,
				57227326259BD07300D6ACBF /* CurrencyLayerTestRouter.swift in Sources */,
				57DFE8B125A3DD600030233E /* Converter.swift in Sources */,
				576882E625A4CB0B00430965 /* MainInteractor.swift in Sources */,
				5722730B259BC27400D6ACBF /* AppSettings.swift in Sources */,
				5722730C259BC27400D6ACBF /* Authenticator.swift in Sources */,
				57B18598259AA65400EE615A /* APISettings.swift in Sources */,
				576882F025A4D26F00430965 /* Bindable.swift in Sources */,
				57B18599259AA65400EE615A /* Store.swift in Sources */,
				570ADC9B259C0827006970DF /* DiskStorage.swift in Sources */,
				57B1859A259AA65400EE615A /* APISettingsStore.swift in Sources */,
				570ADC92259C06D4006970DF /* Storage.swift in Sources */,
				57DFE8A725A3D5E60030233E /* Conversion.swift in Sources */,
				570ADC66259BE831006970DF /* Quotes.swift in Sources */,
				57B1859B259AA65400EE615A /* AppError.swift in Sources */,
				57B1859C259AA65400EE615A /* HTTPMethod.swift in Sources */,
				570ADC82259BECEB006970DF /* QuotesTests.swift in Sources */,
				57B1859D259AA65400EE615A /* Router.swift in Sources */,
				57B1859E259AA65400EE615A /* APISettingsRouter.swift in Sources */,
				57B1859F259AA65400EE615A /* PublisherBuilder.swift in Sources */,
				5792927525A6A2C4005663FA /* Rendereable.swift in Sources */,
				5776740E25A438D900EDA736 /* DoubleExtensions.swift in Sources */,
				57B185D7259AE68500EE615A /* CurrencyLayerRouter.swift in Sources */,
				5768831A25A4D7AF00430965 /* CurrenciesViewModel.swift in Sources */,
				57B185BF259AE61800EE615A /* CurrenciesTests.swift in Sources */,
				5776740425A4380500EDA736 /* StringExtensions.swift in Sources */,
				57B18590259AA5CA00EE615A /* APISettingsTests.swift in Sources */,
				5792929025A7D559005663FA /* ConverterView.swift in Sources */,
			);
			runOnlyForDeploymentPostprocessing = 0;
		};
		57B18527259A841700EE615A /* Sources */ = {
			isa = PBXSourcesBuildPhase;
			buildActionMask = 2147483647;
			files = (
				5792927E25A6A650005663FA /* CurrencyCell.swift in Sources */,
				57B18530259A841700EE615A /* CurrencyConverterUITests.swift in Sources */,
				5768831425A4D76B00430965 /* CurrenciesViewController.swift in Sources */,
				5768833925A53FD400430965 /* ConverterViewController.swift in Sources */,
				5768833F25A554E000430965 /* ConverterViewModel.swift in Sources */,
				5792926E25A69F40005663FA /* ConversionCell.swift in Sources */,
			);
			runOnlyForDeploymentPostprocessing = 0;
		};
/* End PBXSourcesBuildPhase section */

/* Begin PBXTargetDependency section */
		57B18522259A841700EE615A /* PBXTargetDependency */ = {
			isa = PBXTargetDependency;
			target = 57B18506259A841600EE615A /* CurrencyConverter */;
			targetProxy = 57B18521259A841700EE615A /* PBXContainerItemProxy */;
		};
		57B1852D259A841700EE615A /* PBXTargetDependency */ = {
			isa = PBXTargetDependency;
			target = 57B18506259A841600EE615A /* CurrencyConverter */;
			targetProxy = 57B1852C259A841700EE615A /* PBXContainerItemProxy */;
		};
/* End PBXTargetDependency section */

/* Begin PBXVariantGroup section */
		57B18510259A841600EE615A /* Main.storyboard */ = {
			isa = PBXVariantGroup;
			children = (
				57B18511259A841600EE615A /* Base */,
			);
			name = Main.storyboard;
			sourceTree = "<group>";
		};
		57B18518259A841700EE615A /* LaunchScreen.storyboard */ = {
			isa = PBXVariantGroup;
			children = (
				57B18519259A841700EE615A /* Base */,
			);
			name = LaunchScreen.storyboard;
			sourceTree = "<group>";
		};
/* End PBXVariantGroup section */

/* Begin XCBuildConfiguration section */
		57B18532259A841700EE615A /* Debug */ = {
			isa = XCBuildConfiguration;
			buildSettings = {
				ALWAYS_SEARCH_USER_PATHS = NO;
				CLANG_ANALYZER_NONNULL = YES;
				CLANG_ANALYZER_NUMBER_OBJECT_CONVERSION = YES_AGGRESSIVE;
				CLANG_CXX_LANGUAGE_STANDARD = "gnu++14";
				CLANG_CXX_LIBRARY = "libc++";
				CLANG_ENABLE_MODULES = YES;
				CLANG_ENABLE_OBJC_ARC = YES;
				CLANG_ENABLE_OBJC_WEAK = YES;
				CLANG_WARN_BLOCK_CAPTURE_AUTORELEASING = YES;
				CLANG_WARN_BOOL_CONVERSION = YES;
				CLANG_WARN_COMMA = YES;
				CLANG_WARN_CONSTANT_CONVERSION = YES;
				CLANG_WARN_DEPRECATED_OBJC_IMPLEMENTATIONS = YES;
				CLANG_WARN_DIRECT_OBJC_ISA_USAGE = YES_ERROR;
				CLANG_WARN_DOCUMENTATION_COMMENTS = YES;
				CLANG_WARN_EMPTY_BODY = YES;
				CLANG_WARN_ENUM_CONVERSION = YES;
				CLANG_WARN_INFINITE_RECURSION = YES;
				CLANG_WARN_INT_CONVERSION = YES;
				CLANG_WARN_NON_LITERAL_NULL_CONVERSION = YES;
				CLANG_WARN_OBJC_IMPLICIT_RETAIN_SELF = YES;
				CLANG_WARN_OBJC_LITERAL_CONVERSION = YES;
				CLANG_WARN_OBJC_ROOT_CLASS = YES_ERROR;
				CLANG_WARN_QUOTED_INCLUDE_IN_FRAMEWORK_HEADER = YES;
				CLANG_WARN_RANGE_LOOP_ANALYSIS = YES;
				CLANG_WARN_STRICT_PROTOTYPES = YES;
				CLANG_WARN_SUSPICIOUS_MOVE = YES;
				CLANG_WARN_UNGUARDED_AVAILABILITY = YES_AGGRESSIVE;
				CLANG_WARN_UNREACHABLE_CODE = YES;
				CLANG_WARN__DUPLICATE_METHOD_MATCH = YES;
				COPY_PHASE_STRIP = NO;
				DEBUG_INFORMATION_FORMAT = dwarf;
				ENABLE_STRICT_OBJC_MSGSEND = YES;
				ENABLE_TESTABILITY = YES;
				GCC_C_LANGUAGE_STANDARD = gnu11;
				GCC_DYNAMIC_NO_PIC = NO;
				GCC_NO_COMMON_BLOCKS = YES;
				GCC_OPTIMIZATION_LEVEL = 0;
				GCC_PREPROCESSOR_DEFINITIONS = (
					"DEBUG=1",
					"$(inherited)",
				);
				GCC_WARN_64_TO_32_BIT_CONVERSION = YES;
				GCC_WARN_ABOUT_RETURN_TYPE = YES_ERROR;
				GCC_WARN_UNDECLARED_SELECTOR = YES;
				GCC_WARN_UNINITIALIZED_AUTOS = YES_AGGRESSIVE;
				GCC_WARN_UNUSED_FUNCTION = YES;
				GCC_WARN_UNUSED_VARIABLE = YES;
				IPHONEOS_DEPLOYMENT_TARGET = 14.0;
				MTL_ENABLE_DEBUG_INFO = INCLUDE_SOURCE;
				MTL_FAST_MATH = YES;
				ONLY_ACTIVE_ARCH = YES;
				SDKROOT = iphoneos;
				SWIFT_ACTIVE_COMPILATION_CONDITIONS = DEBUG;
				SWIFT_OPTIMIZATION_LEVEL = "-Onone";
			};
			name = Debug;
		};
		57B18533259A841700EE615A /* Release */ = {
			isa = XCBuildConfiguration;
			buildSettings = {
				ALWAYS_SEARCH_USER_PATHS = NO;
				CLANG_ANALYZER_NONNULL = YES;
				CLANG_ANALYZER_NUMBER_OBJECT_CONVERSION = YES_AGGRESSIVE;
				CLANG_CXX_LANGUAGE_STANDARD = "gnu++14";
				CLANG_CXX_LIBRARY = "libc++";
				CLANG_ENABLE_MODULES = YES;
				CLANG_ENABLE_OBJC_ARC = YES;
				CLANG_ENABLE_OBJC_WEAK = YES;
				CLANG_WARN_BLOCK_CAPTURE_AUTORELEASING = YES;
				CLANG_WARN_BOOL_CONVERSION = YES;
				CLANG_WARN_COMMA = YES;
				CLANG_WARN_CONSTANT_CONVERSION = YES;
				CLANG_WARN_DEPRECATED_OBJC_IMPLEMENTATIONS = YES;
				CLANG_WARN_DIRECT_OBJC_ISA_USAGE = YES_ERROR;
				CLANG_WARN_DOCUMENTATION_COMMENTS = YES;
				CLANG_WARN_EMPTY_BODY = YES;
				CLANG_WARN_ENUM_CONVERSION = YES;
				CLANG_WARN_INFINITE_RECURSION = YES;
				CLANG_WARN_INT_CONVERSION = YES;
				CLANG_WARN_NON_LITERAL_NULL_CONVERSION = YES;
				CLANG_WARN_OBJC_IMPLICIT_RETAIN_SELF = YES;
				CLANG_WARN_OBJC_LITERAL_CONVERSION = YES;
				CLANG_WARN_OBJC_ROOT_CLASS = YES_ERROR;
				CLANG_WARN_QUOTED_INCLUDE_IN_FRAMEWORK_HEADER = YES;
				CLANG_WARN_RANGE_LOOP_ANALYSIS = YES;
				CLANG_WARN_STRICT_PROTOTYPES = YES;
				CLANG_WARN_SUSPICIOUS_MOVE = YES;
				CLANG_WARN_UNGUARDED_AVAILABILITY = YES_AGGRESSIVE;
				CLANG_WARN_UNREACHABLE_CODE = YES;
				CLANG_WARN__DUPLICATE_METHOD_MATCH = YES;
				COPY_PHASE_STRIP = NO;
				DEBUG_INFORMATION_FORMAT = "dwarf-with-dsym";
				ENABLE_NS_ASSERTIONS = NO;
				ENABLE_STRICT_OBJC_MSGSEND = YES;
				GCC_C_LANGUAGE_STANDARD = gnu11;
				GCC_NO_COMMON_BLOCKS = YES;
				GCC_WARN_64_TO_32_BIT_CONVERSION = YES;
				GCC_WARN_ABOUT_RETURN_TYPE = YES_ERROR;
				GCC_WARN_UNDECLARED_SELECTOR = YES;
				GCC_WARN_UNINITIALIZED_AUTOS = YES_AGGRESSIVE;
				GCC_WARN_UNUSED_FUNCTION = YES;
				GCC_WARN_UNUSED_VARIABLE = YES;
				IPHONEOS_DEPLOYMENT_TARGET = 14.0;
				MTL_ENABLE_DEBUG_INFO = NO;
				MTL_FAST_MATH = YES;
				SDKROOT = iphoneos;
				SWIFT_COMPILATION_MODE = wholemodule;
				SWIFT_OPTIMIZATION_LEVEL = "-O";
				VALIDATE_PRODUCT = YES;
			};
			name = Release;
		};
		57B18535259A841700EE615A /* Debug */ = {
			isa = XCBuildConfiguration;
			buildSettings = {
				ASSETCATALOG_COMPILER_APPICON_NAME = AppIcon;
				ASSETCATALOG_COMPILER_GLOBAL_ACCENT_COLOR_NAME = AccentColor;
				CODE_SIGN_STYLE = Automatic;
				DEVELOPMENT_TEAM = 37RT5AB87J;
				INFOPLIST_FILE = CurrencyConverter/Info.plist;
				LD_RUNPATH_SEARCH_PATHS = (
					"$(inherited)",
					"@executable_path/Frameworks",
				);
				MARKETING_VERSION = 1.0.0;
				PRODUCT_BUNDLE_IDENTIFIER = com.victorsoto.currencyconverter;
				PRODUCT_NAME = "$(TARGET_NAME)";
				SWIFT_VERSION = 5.0;
				TARGETED_DEVICE_FAMILY = "1,2";
			};
			name = Debug;
		};
		57B18536259A841700EE615A /* Release */ = {
			isa = XCBuildConfiguration;
			buildSettings = {
				ASSETCATALOG_COMPILER_APPICON_NAME = AppIcon;
				ASSETCATALOG_COMPILER_GLOBAL_ACCENT_COLOR_NAME = AccentColor;
				CODE_SIGN_STYLE = Automatic;
				DEVELOPMENT_TEAM = 37RT5AB87J;
				INFOPLIST_FILE = CurrencyConverter/Info.plist;
				LD_RUNPATH_SEARCH_PATHS = (
					"$(inherited)",
					"@executable_path/Frameworks",
				);
				MARKETING_VERSION = 1.0.0;
				PRODUCT_BUNDLE_IDENTIFIER = com.victorsoto.currencyconverter;
				PRODUCT_NAME = "$(TARGET_NAME)";
				SWIFT_VERSION = 5.0;
				TARGETED_DEVICE_FAMILY = "1,2";
			};
			name = Release;
		};
		57B18538259A841700EE615A /* Debug */ = {
			isa = XCBuildConfiguration;
			buildSettings = {
				ALWAYS_EMBED_SWIFT_STANDARD_LIBRARIES = YES;
				BUNDLE_LOADER = "$(TEST_HOST)";
				CODE_SIGN_STYLE = Automatic;
				DEVELOPMENT_TEAM = 37RT5AB87J;
				INFOPLIST_FILE = CurrencyConverterTests/Info.plist;
				IPHONEOS_DEPLOYMENT_TARGET = 14.0;
				LD_RUNPATH_SEARCH_PATHS = (
					"$(inherited)",
					"@executable_path/Frameworks",
					"@loader_path/Frameworks",
				);
				PRODUCT_BUNDLE_IDENTIFIER = victorsoto.CurrencyConverterTests;
				PRODUCT_NAME = "$(TARGET_NAME)";
				SWIFT_VERSION = 5.0;
				TARGETED_DEVICE_FAMILY = "1,2";
				TEST_HOST = "$(BUILT_PRODUCTS_DIR)/CurrencyConverter.app/CurrencyConverter";
			};
			name = Debug;
		};
		57B18539259A841700EE615A /* Release */ = {
			isa = XCBuildConfiguration;
			buildSettings = {
				ALWAYS_EMBED_SWIFT_STANDARD_LIBRARIES = YES;
				BUNDLE_LOADER = "$(TEST_HOST)";
				CODE_SIGN_STYLE = Automatic;
				DEVELOPMENT_TEAM = 37RT5AB87J;
				INFOPLIST_FILE = CurrencyConverterTests/Info.plist;
				IPHONEOS_DEPLOYMENT_TARGET = 14.0;
				LD_RUNPATH_SEARCH_PATHS = (
					"$(inherited)",
					"@executable_path/Frameworks",
					"@loader_path/Frameworks",
				);
				PRODUCT_BUNDLE_IDENTIFIER = victorsoto.CurrencyConverterTests;
				PRODUCT_NAME = "$(TARGET_NAME)";
				SWIFT_VERSION = 5.0;
				TARGETED_DEVICE_FAMILY = "1,2";
				TEST_HOST = "$(BUILT_PRODUCTS_DIR)/CurrencyConverter.app/CurrencyConverter";
			};
			name = Release;
		};
		57B1853B259A841700EE615A /* Debug */ = {
			isa = XCBuildConfiguration;
			buildSettings = {
				ALWAYS_EMBED_SWIFT_STANDARD_LIBRARIES = YES;
				CODE_SIGN_STYLE = Automatic;
				DEVELOPMENT_TEAM = 37RT5AB87J;
				INFOPLIST_FILE = CurrencyConverterUITests/Info.plist;
				LD_RUNPATH_SEARCH_PATHS = (
					"$(inherited)",
					"@executable_path/Frameworks",
					"@loader_path/Frameworks",
				);
				PRODUCT_BUNDLE_IDENTIFIER = victorsoto.CurrencyConverterUITests;
				PRODUCT_NAME = "$(TARGET_NAME)";
				SWIFT_VERSION = 5.0;
				TARGETED_DEVICE_FAMILY = "1,2";
				TEST_TARGET_NAME = CurrencyConverter;
			};
			name = Debug;
		};
		57B1853C259A841700EE615A /* Release */ = {
			isa = XCBuildConfiguration;
			buildSettings = {
				ALWAYS_EMBED_SWIFT_STANDARD_LIBRARIES = YES;
				CODE_SIGN_STYLE = Automatic;
				DEVELOPMENT_TEAM = 37RT5AB87J;
				INFOPLIST_FILE = CurrencyConverterUITests/Info.plist;
				LD_RUNPATH_SEARCH_PATHS = (
					"$(inherited)",
					"@executable_path/Frameworks",
					"@loader_path/Frameworks",
				);
				PRODUCT_BUNDLE_IDENTIFIER = victorsoto.CurrencyConverterUITests;
				PRODUCT_NAME = "$(TARGET_NAME)";
				SWIFT_VERSION = 5.0;
				TARGETED_DEVICE_FAMILY = "1,2";
				TEST_TARGET_NAME = CurrencyConverter;
			};
			name = Release;
		};
/* End XCBuildConfiguration section */

/* Begin XCConfigurationList section */
		57B18502259A841600EE615A /* Build configuration list for PBXProject "CurrencyConverter" */ = {
			isa = XCConfigurationList;
			buildConfigurations = (
				57B18532259A841700EE615A /* Debug */,
				57B18533259A841700EE615A /* Release */,
			);
			defaultConfigurationIsVisible = 0;
			defaultConfigurationName = Release;
		};
		57B18534259A841700EE615A /* Build configuration list for PBXNativeTarget "CurrencyConverter" */ = {
			isa = XCConfigurationList;
			buildConfigurations = (
				57B18535259A841700EE615A /* Debug */,
				57B18536259A841700EE615A /* Release */,
			);
			defaultConfigurationIsVisible = 0;
			defaultConfigurationName = Release;
		};
		57B18537259A841700EE615A /* Build configuration list for PBXNativeTarget "CurrencyConverterTests" */ = {
			isa = XCConfigurationList;
			buildConfigurations = (
				57B18538259A841700EE615A /* Debug */,
				57B18539259A841700EE615A /* Release */,
			);
			defaultConfigurationIsVisible = 0;
			defaultConfigurationName = Release;
		};
		57B1853A259A841700EE615A /* Build configuration list for PBXNativeTarget "CurrencyConverterUITests" */ = {
			isa = XCConfigurationList;
			buildConfigurations = (
				57B1853B259A841700EE615A /* Debug */,
				57B1853C259A841700EE615A /* Release */,
			);
			defaultConfigurationIsVisible = 0;
			defaultConfigurationName = Release;
		};
/* End XCConfigurationList section */

/* Begin XCVersionGroup section */
		57B18513259A841600EE615A /* CurrencyConverter.xcdatamodeld */ = {
			isa = XCVersionGroup;
			children = (
				57B18514259A841600EE615A /* CurrencyConverter.xcdatamodel */,
			);
			currentVersion = 57B18514259A841600EE615A /* CurrencyConverter.xcdatamodel */;
			path = CurrencyConverter.xcdatamodeld;
			sourceTree = "<group>";
			versionGroupType = wrapper.xcdatamodel;
		};
/* End XCVersionGroup section */
	};
	rootObject = 57B184FF259A841600EE615A /* Project object */;
}
